# THIS IS AN AUTOGENERATED FILE. DO NOT EDIT THIS FILE DIRECTLY.
# yarn lockfile v1


"@kofno/piper@^3.0.0":
  version "3.0.0"
  resolved "https://registry.yarnpkg.com/@kofno/piper/-/piper-3.0.0.tgz#0897d8ddf701f171dddb1765e020f2dbb90ba2f1"
  integrity sha512-fIqI7m9E6QWimpcNhayQdKg8eNi4c3+pVtDdu6jEJeipJKS95d17bpz7mJHAKnNY7YP6Z+ra2Ol54fqKAY7AAw==

"@types/url-parse@^1.4.3":
  version "1.4.3"
  resolved "https://registry.yarnpkg.com/@types/url-parse/-/url-parse-1.4.3.tgz#fba49d90f834951cb000a674efee3d6f20968329"
  integrity sha512-4kHAkbV/OfW2kb5BLVUuUMoumB3CP8rHqlw48aHvFy5tf9ER0AfOonBlX29l/DD68G70DmyhRlSYfQPSYpC5Vw==

maybeasy@^3.0.0:
  version "3.0.0"
  resolved "https://registry.yarnpkg.com/maybeasy/-/maybeasy-3.0.0.tgz#732c244da190c742de99aa682e6f86a66152bbcc"
  integrity sha512-hMjmt0Kmfp2PdG9knKi6eUdp4513hkDib99EKqMK5tu1mn+t4Hih/pbJ4g5Kf3+f+c6GV6tBinZqtTtcnubm/g==

querystringify@^2.1.1:
  version "2.2.0"
  resolved "https://registry.yarnpkg.com/querystringify/-/querystringify-2.2.0.tgz#3345941b4153cb9d082d8eee4cda2016a9aef7f6"
  integrity sha512-FIqgj2EUvTa7R50u0rGsyTftzjYmv/a3hO345bZNrqabNqjtgiDMgmo4mkUjd+nzU5oF3dClKqFIPUKybUyqoQ==

requires-port@^1.0.0:
  version "1.0.0"
  resolved "https://registry.yarnpkg.com/requires-port/-/requires-port-1.0.0.tgz#925d2601d39ac485e091cf0da5c6e694dc3dcaff"
  integrity sha1-kl0mAdOaxIXgkc8NpcbmlNw9yv8=

resulty@^4.0.0:
  version "4.0.0"
  resolved "https://registry.yarnpkg.com/resulty/-/resulty-4.0.0.tgz#fbd6470fde712a88b7c983394c7486da290ea6e2"
  integrity sha512-toajg6lqdp9tmV0ohsTxWiwoaWJd2WiuH7vOx+BJtj1Bs9+XoGa+0Zu8yRNV02gS5DphnrdnRG4Xjr7vl+eP8g==

taskarian@^4.0.0:
  version "4.0.0"
  resolved "https://registry.yarnpkg.com/taskarian/-/taskarian-4.0.0.tgz#c82484b7b135629f07c18c689f99142c466894dd"
  integrity sha512-C0cDkBYMpG6jXDUhdTxYL0ckXhRUVZddukexD+rrXamYIZy8k3DJ0vmNa49CrXiyLrcIDMoz1yJd6jFd2Lifcg==
  dependencies:
    resulty "^4.0.0"

url-parse@^1.4.7:
  version "1.5.2"
  resolved "https://registry.yarnpkg.com/url-parse/-/url-parse-1.5.2.tgz#a4eff6fd5ff9fe6ab98ac1f79641819d13247cda"
  integrity sha512-6bTUPERy1muxxYClbzoRo5qtQuyoGEbzbQvi0SW4/8U8UyVkAQhWFBlnigqJkRm4su4x1zDQfNbEzWkt+vchcg==
  dependencies:
    querystringify "^2.1.1"
    requires-port "^1.0.0"
