# THIS IS AN AUTOGENERATED FILE. DO NOT EDIT THIS FILE DIRECTLY.
# yarn lockfile v1


"@kofno/piper@1.2.0":
  version "1.2.0"
  resolved "https://registry.yarnpkg.com/@kofno/piper/-/piper-1.2.0.tgz#c1f9903664ed90f105130580d3570bc747d7c028"
  integrity sha512-3XgONyr071OX8+olAzYhF+mYxlSo3X9ySyNEmbXtzhyj1hAM+MPYB+bK4gZhrumSTfzYZt4lv9fUAgz8+P6XBQ==

maybeasy@^2.6.0:
  version "2.6.0"
  resolved "https://registry.yarnpkg.com/maybeasy/-/maybeasy-2.6.0.tgz#3e402c0129967b2aa0be4ed9299bf2ab7b878a40"
  integrity sha512-KJ6//02uxyqrhHjY4hMzTwiJTavPqFuUK8ZM+uUZVGw2zC8GBtuzQM2ichXekk0/Jgco7lL3pbfN70dfMztwLA==

resulty@^3.0.0:
  version "3.0.0"
  resolved "https://registry.yarnpkg.com/resulty/-/resulty-3.0.0.tgz#2f852a51f18dd528f43bb7f5ae02a88eaef5bd59"
  integrity sha512-rdAnIuIC8WMfnlqktJfZz+83djxwQwzVlXnlCRb2h0Zxqzazjp+1z9cfDVmiIWBnjhrcERw3PBK7s+YJ83f2aw==

taskarian@^3.0.0:
  version "3.0.0"
  resolved "https://registry.yarnpkg.com/taskarian/-/taskarian-3.0.0.tgz#a209c00594b48243229116f526d5f820feb9f3de"
  integrity sha512-BOmlfeNUmsNuCL05gjfROSVAk5i4ZgqEG+1wEJ1/JG/t9yOkTK8WxUKv2qEL7lhNjMqEbyuQ8SqlO8Ky9VMdDg==
  dependencies:
    resulty "^3.0.0"
