# THIS IS AN AUTOGENERATED FILE. DO NOT EDIT THIS FILE DIRECTLY.
# yarn lockfile v1


"@kofno/piper@^4.3.0":
  version "4.3.0"
  resolved "https://registry.yarnpkg.com/@kofno/piper/-/piper-4.3.0.tgz#001a8f81ec606df3c5d84edf59bff67042b4ea26"
  integrity sha512-H3hpwwuZGUtPxGkvVQ6tY4Sguvf+/urYJZTeJ373ABY3We+TE0ZtqwjOLe/oqg3RwEjjnBI0xkbgMcu1mBjaLw==

"@types/node@^17.0.23":
  version "17.0.23"
  resolved "https://registry.yarnpkg.com/@types/node/-/node-17.0.23.tgz#3b41a6e643589ac6442bdbd7a4a3ded62f33f7da"
  integrity sha512-UxDxWn7dl97rKVeVS61vErvw086aCYhDLyvRQZ5Rk65rZKepaFdm53GeqXaKBuOhED4e9uWq34IC3TdSdJJ2Gw==

"@types/url-parse@^1.4.3":
  version "1.4.3"
  resolved "https://registry.yarnpkg.com/@types/url-parse/-/url-parse-1.4.3.tgz#fba49d90f834951cb000a674efee3d6f20968329"
  integrity sha512-4kHAkbV/OfW2kb5BLVUuUMoumB3CP8rHqlw48aHvFy5tf9ER0AfOonBlX29l/DD68G70DmyhRlSYfQPSYpC5Vw==

maybeasy@^3.0.0:
  version "3.0.0"
  resolved "https://registry.yarnpkg.com/maybeasy/-/maybeasy-3.0.0.tgz#732c244da190c742de99aa682e6f86a66152bbcc"
  integrity sha512-hMjmt0Kmfp2PdG9knKi6eUdp4513hkDib99EKqMK5tu1mn+t4Hih/pbJ4g5Kf3+f+c6GV6tBinZqtTtcnubm/g==

querystringify@^2.1.1:
  version "2.2.0"
  resolved "https://registry.yarnpkg.com/querystringify/-/querystringify-2.2.0.tgz#3345941b4153cb9d082d8eee4cda2016a9aef7f6"
  integrity sha512-FIqgj2EUvTa7R50u0rGsyTftzjYmv/a3hO345bZNrqabNqjtgiDMgmo4mkUjd+nzU5oF3dClKqFIPUKybUyqoQ==

requires-port@^1.0.0:
  version "1.0.0"
  resolved "https://registry.yarnpkg.com/requires-port/-/requires-port-1.0.0.tgz#925d2601d39ac485e091cf0da5c6e694dc3dcaff"
  integrity sha1-kl0mAdOaxIXgkc8NpcbmlNw9yv8=

resulty@^5.0.0:
  version "5.0.0"
  resolved "https://registry.yarnpkg.com/resulty/-/resulty-5.0.0.tgz#962fec061caaade8d600d39d88db370c4f4a9a9a"
  integrity sha512-K4E8JWqVqjCimjfdM/QyQWLs8xwdhJGVsVy2T6hvU9ihTEaEL72/eI/8wtVP7ddM+DKD2dNnNxLwthoX0RZrow==

taskarian@^5.1.0:
  version "5.1.0"
  resolved "https://registry.yarnpkg.com/taskarian/-/taskarian-5.1.0.tgz#e1b77a1b7afe0623d52115ca67fc0a8506f448bf"
  integrity sha512-Z48BNHmZQw13/3tRlavTQAgMqvkUWvhvjburQwhQOolTtYYiVmh99jgwwuiqOowvKr4zYRSMMboWSP8Wt2+LKA==
  dependencies:
    "@kofno/piper" "^4.3.0"
    maybeasy "^3.0.0"

typescript@^4.6.3:
  version "4.6.3"
  resolved "https://registry.yarnpkg.com/typescript/-/typescript-4.6.3.tgz#eefeafa6afdd31d725584c67a0eaba80f6fc6c6c"
  integrity sha512-yNIatDa5iaofVozS/uQJEl3JRWLKKGJKh6Yaiv0GLGSuhpFJe7P3SbHZ8/yjAHRQwKRoA6YZqlfjXWmVzoVSMw==

url-parse@^1.4.7:
  version "1.5.9"
  resolved "https://registry.yarnpkg.com/url-parse/-/url-parse-1.5.9.tgz#05ff26484a0b5e4040ac64dcee4177223d74675e"
  integrity sha512-HpOvhKBvre8wYez+QhHcYiVvVmeF6DVnuSOOPhe3cTum3BnqHhvKaZm8FU5yTiOu/Jut2ZpB2rA/SbBA1JIGlQ==
  dependencies:
    querystringify "^2.1.1"
    requires-port "^1.0.0"
