# THIS IS AN AUTOGENERATED FILE. DO NOT EDIT THIS FILE DIRECTLY.
# yarn lockfile v1


"@kofno/piper@^3.0.0":
  version "3.0.0"
  resolved "https://registry.yarnpkg.com/@kofno/piper/-/piper-3.0.0.tgz#0897d8ddf701f171dddb1765e020f2dbb90ba2f1"
  integrity sha512-fIqI7m9E6QWimpcNhayQdKg8eNi4c3+pVtDdu6jEJeipJKS95d17bpz7mJHAKnNY7YP6Z+ra2Ol54fqKAY7AAw==

resulty@^4.0.0:
  version "4.0.0"
  resolved "https://registry.yarnpkg.com/resulty/-/resulty-4.0.0.tgz#fbd6470fde712a88b7c983394c7486da290ea6e2"
  integrity sha512-toajg6lqdp9tmV0ohsTxWiwoaWJd2WiuH7vOx+BJtj1Bs9+XoGa+0Zu8yRNV02gS5DphnrdnRG4Xjr7vl+eP8g==

taskarian@^4.0.0:
  version "4.0.0"
  resolved "https://registry.yarnpkg.com/taskarian/-/taskarian-4.0.0.tgz#c82484b7b135629f07c18c689f99142c466894dd"
  integrity sha512-C0cDkBYMpG6jXDUhdTxYL0ckXhRUVZddukexD+rrXamYIZy8k3DJ0vmNa49CrXiyLrcIDMoz1yJd6jFd2Lifcg==
  dependencies:
    resulty "^4.0.0"
