# THIS IS AN AUTOGENERATED FILE. DO NOT EDIT THIS FILE DIRECTLY.
# yarn lockfile v1


"@kofno/piper@^4.3.0":
  version "4.3.0"
  resolved "https://registry.yarnpkg.com/@kofno/piper/-/piper-4.3.0.tgz#001a8f81ec606df3c5d84edf59bff67042b4ea26"
  integrity sha512-H3hpwwuZGUtPxGkvVQ6tY4Sguvf+/urYJZTeJ373ABY3We+TE0ZtqwjOLe/oqg3RwEjjnBI0xkbgMcu1mBjaLw==

"@types/node@^17.0.23":
  version "17.0.23"
  resolved "https://registry.yarnpkg.com/@types/node/-/node-17.0.23.tgz#3b41a6e643589ac6442bdbd7a4a3ded62f33f7da"
  integrity sha512-UxDxWn7dl97rKVeVS61vErvw086aCYhDLyvRQZ5Rk65rZKepaFdm53GeqXaKBuOhED4e9uWq34IC3TdSdJJ2Gw==

ajaxian@^4.4.0:
  version "4.4.0"
  resolved "https://registry.yarnpkg.com/ajaxian/-/ajaxian-4.4.0.tgz#a87344952a91c2ad78467c9907b2436bb6849a23"
  integrity sha512-TConPoRcSVMcH49LBNVqZxHeZmMENWDxyLVQOdQ2p/Bvs0YzI7EILGIrb370kPyMzyf8qR23vW5bwYLgN6BFLw==
  dependencies:
    resulty "^5.0.0"
    taskarian "^5.1.0"

ansi-styles@^2.2.1:
  version "2.2.1"
  resolved "https://registry.yarnpkg.com/ansi-styles/-/ansi-styles-2.2.1.tgz#b432dd3358b634cf75e1e4664368240533c1ddbe"
  integrity sha1-tDLdM1i2NM914eRmQ2gkBTPB3b4=

ansi-styles@^4.1.0:
  version "4.3.0"
  resolved "https://registry.yarnpkg.com/ansi-styles/-/ansi-styles-4.3.0.tgz#edd803628ae71c04c85ae7a0906edad34b648937"
  integrity sha512-zbB9rCJAT1rbjiVDb2hqKFHNYLxgtk8NURxZ3IZwD3F6NtxbXZQCnnSi1Lkx+IDohdPlFp222wVALIheZJQSEg==
  dependencies:
    color-convert "^2.0.1"

chalk@^4.1.0:
  version "4.1.1"
  resolved "https://registry.yarnpkg.com/chalk/-/chalk-4.1.1.tgz#c80b3fab28bf6371e6863325eee67e618b77e6ad"
  integrity sha512-diHzdDKxcU+bAsUboHLPEDQiw0qEe0qd7SYUn3HgcFlWgbDcfLGswOHYeGrHKzG9z6UYf01d9VFMfZxPM1xZSg==
  dependencies:
    ansi-styles "^4.1.0"
    supports-color "^7.1.0"

color-convert@^2.0.1:
  version "2.0.1"
  resolved "https://registry.yarnpkg.com/color-convert/-/color-convert-2.0.1.tgz#72d3a68d598c9bdb3af2ad1e84f21d896abd4de3"
  integrity sha512-RRECPsj7iu/xb5oKYcsFHSppFNnsj/52OVTRKb4zP5onXwVF3zVmmToNcOfGC+CRDpfK/U584fMg38ZHCaElKQ==
  dependencies:
    color-name "~1.1.4"

color-name@~1.1.4:
  version "1.1.4"
  resolved "https://registry.yarnpkg.com/color-name/-/color-name-1.1.4.tgz#c2a09a87acbde69543de6f63fa3995c826c536a2"
  integrity sha512-dOy+3AuW3a2wNbZHIuMZpTcgjGuLU/uBL/ubcZF9OXbDo8ff4O8yVp5Bf0efS8uEoYo5q4Fx7dY9OgQGXgAsQA==

date-fns@^2.16.1:
  version "2.22.1"
  resolved "https://registry.yarnpkg.com/date-fns/-/date-fns-2.22.1.tgz#1e5af959831ebb1d82992bf67b765052d8f0efc4"
  integrity sha512-yUFPQjrxEmIsMqlHhAhmxkuH769baF21Kk+nZwZGyrMoyLA+LugaQtC0+Tqf9CBUUULWwUJt6Q5ySI3LJDDCGg==

debug@^4.3.1:
  version "4.3.1"
  resolved "https://registry.yarnpkg.com/debug/-/debug-4.3.1.tgz#f0d229c505e0c6d8c49ac553d1b13dc183f6b2ee"
  integrity sha512-doEwdvm4PCeK4K3RQN2ZC2BYUBaxwLARCqZmMjtF8a51J2Rb0xpVloFRnCODwqjpwnAoao4pelN8l3RJdv3gRQ==
  dependencies:
    ms "2.1.2"

esutils@^2.0.2:
  version "2.0.3"
  resolved "https://registry.yarnpkg.com/esutils/-/esutils-2.0.3.tgz#74d2eb4de0b8da1293711910d50775b9b710ef64"
  integrity sha512-kVscqXk4OCp68SZ0dkgEKVi6/8ij300KBWTJq32P/dYeWTSwK41WyTxalN1eRmA5Z9UU/LX9D7FWSmV9SAYx6g==

has-flag@^4.0.0:
  version "4.0.0"
  resolved "https://registry.yarnpkg.com/has-flag/-/has-flag-4.0.0.tgz#944771fd9c81c81265c4d6941860da06bb59479b"
  integrity sha512-EykJT/Q1KjTWctppgIAgfSO0tKVuZUjhgMr17kqTumMl6Afv3EISleU7qZUzoXDFTAHTDC4NOoG/ZxU3EvlMPQ==

jsonous@^7.3.0:
  version "7.3.0"
  resolved "https://registry.yarnpkg.com/jsonous/-/jsonous-7.3.0.tgz#b6f1a1c3b35fac21859ccb527429871063dfe8da"
  integrity sha512-ZE7vCB/U8CrFmQZi9RLWkzHYmupi9ypier5eVDj4vdvLIuW93stwydWZsyLYiY6k9NrqTOLfPcy73ofg9VQimg==
  dependencies:
    date-fns "^2.16.1"
    maybeasy "^3.0.0"
    resulty "^5.0.0"
    weakset "^1.0.0"

logging@^3.3.0:
  version "3.3.0"
  resolved "https://registry.yarnpkg.com/logging/-/logging-3.3.0.tgz#5743f9154f790308c5d6f2e28196dd0259fcf0ad"
  integrity sha512-Hnmu3KlGTbXMVS7ONjBpnjjiF9cBlK5qsmj77sOcqRkNpvO9ouUGPKe2PmBCWWYpKAbxb96b08cYEv4hiBk3lQ==
  dependencies:
    chalk "^4.1.0"
    debug "^4.3.1"
    nicely-format "^1.1.0"

maybeasy@^3.0.0:
  version "3.0.0"
  resolved "https://registry.yarnpkg.com/maybeasy/-/maybeasy-3.0.0.tgz#732c244da190c742de99aa682e6f86a66152bbcc"
  integrity sha512-hMjmt0Kmfp2PdG9knKi6eUdp4513hkDib99EKqMK5tu1mn+t4Hih/pbJ4g5Kf3+f+c6GV6tBinZqtTtcnubm/g==

ms@2.1.2:
  version "2.1.2"
  resolved "https://registry.yarnpkg.com/ms/-/ms-2.1.2.tgz#d09d1f357b443f493382a8eb3ccd183872ae6009"
  integrity sha512-sGkPx+VjMtmA6MX27oA4FBFELFCZZ4S4XqeGOXCv68tT+jb3vk/RyaKWP0PTKyWtmLSM0b+adUTEvbs1PEaH2w==

nicely-format@^1.1.0:
  version "1.1.0"
  resolved "https://registry.yarnpkg.com/nicely-format/-/nicely-format-1.1.0.tgz#6c3513d1f38077d65ed9721e716a8e1917ba27b6"
  integrity sha1-bDUT0fOAd9Ze2XIecWqOGRe6J7Y=
  dependencies:
    ansi-styles "^2.2.1"
    esutils "^2.0.2"

resulty@^5.0.0:
  version "5.0.0"
  resolved "https://registry.yarnpkg.com/resulty/-/resulty-5.0.0.tgz#962fec061caaade8d600d39d88db370c4f4a9a9a"
  integrity sha512-K4E8JWqVqjCimjfdM/QyQWLs8xwdhJGVsVy2T6hvU9ihTEaEL72/eI/8wtVP7ddM+DKD2dNnNxLwthoX0RZrow==

supports-color@^7.1.0:
  version "7.2.0"
  resolved "https://registry.yarnpkg.com/supports-color/-/supports-color-7.2.0.tgz#1b7dcdcb32b8138801b3e478ba6a51caa89648da"
  integrity sha512-qpCAvRl9stuOHveKsn7HncJRvv501qIacKzQlO/+Lwxc9+0q2wLyv4Dfvt80/DPn2pqOBsJdDiogXGR9+OvwRw==
  dependencies:
    has-flag "^4.0.0"

taskarian@^5.1.0:
  version "5.1.0"
  resolved "https://registry.yarnpkg.com/taskarian/-/taskarian-5.1.0.tgz#e1b77a1b7afe0623d52115ca67fc0a8506f448bf"
  integrity sha512-Z48BNHmZQw13/3tRlavTQAgMqvkUWvhvjburQwhQOolTtYYiVmh99jgwwuiqOowvKr4zYRSMMboWSP8Wt2+LKA==
  dependencies:
    "@kofno/piper" "^4.3.0"
    maybeasy "^3.0.0"

typescript@^4.6.3:
  version "4.6.3"
  resolved "https://registry.yarnpkg.com/typescript/-/typescript-4.6.3.tgz#eefeafa6afdd31d725584c67a0eaba80f6fc6c6c"
  integrity sha512-yNIatDa5iaofVozS/uQJEl3JRWLKKGJKh6Yaiv0GLGSuhpFJe7P3SbHZ8/yjAHRQwKRoA6YZqlfjXWmVzoVSMw==

weakset@^1.0.0:
  version "1.0.0"
  resolved "https://registry.yarnpkg.com/weakset/-/weakset-1.0.0.tgz#7d525ebb93b24d38e6d0a19b0f3e14f099a3b270"
  integrity sha1-fVJeu5OyTTjm0KGbDz4U8JmjsnA=
