# THIS IS AN AUTOGENERATED FILE. DO NOT EDIT THIS FILE DIRECTLY.
# yarn lockfile v1


"@execonline-inc/time@^4.0.0":
  version "4.0.0"
  resolved "https://registry.yarnpkg.com/@execonline-inc/time/-/time-4.0.0.tgz#20fea75ba29ae250d0acc44be1216ff5638b16d7"
  integrity sha512-PN7P2MsbaHygopQ1F8SPYEL+m0QwddjMTukHJtCclBJuzqIQ6OLUnWYNY1/Jw+4y0M82E/4JBTNiB7S8AotrCw==

"@types/atob@^2.1.2":
  version "2.1.2"
  resolved "https://registry.yarnpkg.com/@types/atob/-/atob-2.1.2.tgz#157eb0cc46264a8c55f2273a836c7a1a644fb820"
  integrity sha512-8GAYQ1jDRUQkSpHzJUqXwAkYFOxuWAOGLhIR4aPd/Y/yL12Q/9m7LsKpHKlfKdNE/362Hc9wPI1Yh6opDfxVJg==

atob@^2.1.2:
  version "2.1.2"
  resolved "https://registry.yarnpkg.com/atob/-/atob-2.1.2.tgz#6d9517eb9e030d2436666651e86bd9f6f13533c9"
  integrity sha512-Wm6ukoaOGJi/73p/cl2GvLjTI5JM1k/O14isD73YML8StrH/7/lRFgmg8nICZgD3bZZvjwCGxtMOD3wWNAu8cg==

date-fns@^2.16.1:
  version "2.16.1"
  resolved "https://registry.yarnpkg.com/date-fns/-/date-fns-2.16.1.tgz#05775792c3f3331da812af253e1a935851d3834b"
  integrity sha512-sAJVKx/FqrLYHAQeN7VpJrPhagZc9R4ImZIWYRFZaaohR3KzmuK88touwsSwSVT8Qcbd4zoDsnGfX4GFB4imyQ==

jsonous@^6.1.0:
  version "6.1.0"
  resolved "https://registry.yarnpkg.com/jsonous/-/jsonous-6.1.0.tgz#ced81b0ca07d90e27be85e529ba581fa2f5bd417"
  integrity sha512-AOR1ciUWGVy8TVBqBa15yhREJfvz6TotJf261RADRzGk8XtigvZpRmfHXqcG2BcDj99HOQgOl48JNypNuqgHaA==
  dependencies:
    date-fns "^2.16.1"
    maybeasy "^3.0.0"
    resulty "^4.0.0"
    weakset "^1.0.0"

maybeasy@^3.0.0:
  version "3.0.0"
  resolved "https://registry.yarnpkg.com/maybeasy/-/maybeasy-3.0.0.tgz#732c244da190c742de99aa682e6f86a66152bbcc"
  integrity sha512-hMjmt0Kmfp2PdG9knKi6eUdp4513hkDib99EKqMK5tu1mn+t4Hih/pbJ4g5Kf3+f+c6GV6tBinZqtTtcnubm/g==

resulty@^4.0.0:
  version "4.0.0"
  resolved "https://registry.yarnpkg.com/resulty/-/resulty-4.0.0.tgz#fbd6470fde712a88b7c983394c7486da290ea6e2"
  integrity sha512-toajg6lqdp9tmV0ohsTxWiwoaWJd2WiuH7vOx+BJtj1Bs9+XoGa+0Zu8yRNV02gS5DphnrdnRG4Xjr7vl+eP8g==

weakset@^1.0.0:
  version "1.0.0"
  resolved "https://registry.yarnpkg.com/weakset/-/weakset-1.0.0.tgz#7d525ebb93b24d38e6d0a19b0f3e14f099a3b270"
  integrity sha1-fVJeu5OyTTjm0KGbDz4U8JmjsnA=
