# THIS IS AN AUTOGENERATED FILE. DO NOT EDIT THIS FILE DIRECTLY.
# yarn lockfile v1


"@types/atob@^2.1.2":
  version "2.1.2"
  resolved "https://registry.yarnpkg.com/@types/atob/-/atob-2.1.2.tgz#157eb0cc46264a8c55f2273a836c7a1a644fb820"
  integrity sha512-8GAYQ1jDRUQkSpHzJUqXwAkYFOxuWAOGLhIR4aPd/Y/yL12Q/9m7LsKpHKlfKdNE/362Hc9wPI1Yh6opDfxVJg==

atob@^2.1.2:
  version "2.1.2"
  resolved "https://registry.yarnpkg.com/atob/-/atob-2.1.2.tgz#6d9517eb9e030d2436666651e86bd9f6f13533c9"
  integrity sha512-Wm6ukoaOGJi/73p/cl2GvLjTI5JM1k/O14isD73YML8StrH/7/lRFgmg8nICZgD3bZZvjwCGxtMOD3wWNAu8cg==

jsonous@^5.1:
  version "5.1.0"
  resolved "https://registry.yarnpkg.com/jsonous/-/jsonous-5.1.0.tgz#eda2c5e29df19c982483508c3f33142633c6b859"
  integrity sha512-kq0Lg9zJx3k2J+bz+r4qutqwNEw0cbaeBC+atjTUMjykZSb6fvE7lDDhtFR0/ORS1+nOaxXR5zxQhTm14OYRHg==
  dependencies:
    maybeasy "^2.6.0"
    resulty "^3.0.0"
    weakset "^1.0.0"

maybeasy@^2.6.0:
  version "2.6.0"
  resolved "https://registry.yarnpkg.com/maybeasy/-/maybeasy-2.6.0.tgz#3e402c0129967b2aa0be4ed9299bf2ab7b878a40"
  integrity sha512-KJ6//02uxyqrhHjY4hMzTwiJTavPqFuUK8ZM+uUZVGw2zC8GBtuzQM2ichXekk0/Jgco7lL3pbfN70dfMztwLA==

resulty@^3.0.0:
  version "3.0.0"
  resolved "https://registry.yarnpkg.com/resulty/-/resulty-3.0.0.tgz#2f852a51f18dd528f43bb7f5ae02a88eaef5bd59"
  integrity sha512-rdAnIuIC8WMfnlqktJfZz+83djxwQwzVlXnlCRb2h0Zxqzazjp+1z9cfDVmiIWBnjhrcERw3PBK7s+YJ83f2aw==

weakset@^1.0.0:
  version "1.0.0"
  resolved "https://registry.yarnpkg.com/weakset/-/weakset-1.0.0.tgz#7d525ebb93b24d38e6d0a19b0f3e14f099a3b270"
  integrity sha1-fVJeu5OyTTjm0KGbDz4U8JmjsnA=
