# THIS IS AN AUTOGENERATED FILE. DO NOT EDIT THIS FILE DIRECTLY.
# yarn lockfile v1


"@execonline-inc/time@^5.0.0":
  version "5.0.0"
  resolved "https://registry.yarnpkg.com/@execonline-inc/time/-/time-5.0.0.tgz#b9f09d98f3de2af36b1acef39fd079fde056e8dc"
  integrity sha512-HWnsBA80ceazdUTLHuk1n7ZHLDIPfeJY7tvdviVyoGSnFvPW0P/yACRaIGYxzeMpF+5sVdCExTLUstIohySVLg==
  dependencies:
    resulty "^5.0.0"

date-fns@^2.16.1:
  version "2.22.1"
  resolved "https://registry.yarnpkg.com/date-fns/-/date-fns-2.22.1.tgz#1e5af959831ebb1d82992bf67b765052d8f0efc4"
  integrity sha512-yUFPQjrxEmIsMqlHhAhmxkuH769baF21Kk+nZwZGyrMoyLA+LugaQtC0+Tqf9CBUUULWwUJt6Q5ySI3LJDDCGg==

js-base64@^3.7.2:
  version "3.7.2"
  resolved "https://registry.yarnpkg.com/js-base64/-/js-base64-3.7.2.tgz#816d11d81a8aff241603d19ce5761e13e41d7745"
  integrity sha512-NnRs6dsyqUXejqk/yv2aiXlAvOs56sLkX6nUdeaNezI5LFFLlsZjOThmwnrcwh5ZZRwZlCMnVAY3CvhIhoVEKQ==

jsonous@^7.0.0:
  version "7.0.0"
  resolved "https://registry.yarnpkg.com/jsonous/-/jsonous-7.0.0.tgz#1f2e5c280e6b8b6323d394afaccd2836d69df5f9"
  integrity sha512-G7sa82OluhBZio6N4mLNEjNy5nOetsfETWWIYBIamobJdTex9EPo58Wl38lw4VSed0Ful+PfVTEEyb39vJorxw==
  dependencies:
    date-fns "^2.16.1"
    maybeasy "^3.0.0"
    resulty "^4.0.0"
    weakset "^1.0.0"

maybeasy@^3.0.0:
  version "3.0.0"
  resolved "https://registry.yarnpkg.com/maybeasy/-/maybeasy-3.0.0.tgz#732c244da190c742de99aa682e6f86a66152bbcc"
  integrity sha512-hMjmt0Kmfp2PdG9knKi6eUdp4513hkDib99EKqMK5tu1mn+t4Hih/pbJ4g5Kf3+f+c6GV6tBinZqtTtcnubm/g==

resulty@^4.0.0:
  version "4.0.0"
  resolved "https://registry.yarnpkg.com/resulty/-/resulty-4.0.0.tgz#fbd6470fde712a88b7c983394c7486da290ea6e2"
  integrity sha512-toajg6lqdp9tmV0ohsTxWiwoaWJd2WiuH7vOx+BJtj1Bs9+XoGa+0Zu8yRNV02gS5DphnrdnRG4Xjr7vl+eP8g==

resulty@^5.0.0:
  version "5.0.0"
  resolved "https://registry.yarnpkg.com/resulty/-/resulty-5.0.0.tgz#962fec061caaade8d600d39d88db370c4f4a9a9a"
  integrity sha512-K4E8JWqVqjCimjfdM/QyQWLs8xwdhJGVsVy2T6hvU9ihTEaEL72/eI/8wtVP7ddM+DKD2dNnNxLwthoX0RZrow==

weakset@^1.0.0:
  version "1.0.0"
  resolved "https://registry.yarnpkg.com/weakset/-/weakset-1.0.0.tgz#7d525ebb93b24d38e6d0a19b0f3e14f099a3b270"
  integrity sha1-fVJeu5OyTTjm0KGbDz4U8JmjsnA=
