# THIS IS AN AUTOGENERATED FILE. DO NOT EDIT THIS FILE DIRECTLY.
# yarn lockfile v1


ajaxian@^3.1:
  version "3.1.0"
  resolved "https://registry.yarnpkg.com/ajaxian/-/ajaxian-3.1.0.tgz#b207c64155f80f97525dbd47f66533213f9372e3"
  integrity sha512-Z+nn1rkRujF2k4hjfxslPOoUp2RZVbbs2BrSc0h89hc31O+rH0yfLKa76WK6GXZG6el6cG3ECQZS0ynMFdQgrg==
  dependencies:
    resulty latest
    taskarian "^3.0.0"

date-fns@^2.16.1:
  version "2.16.1"
  resolved "https://registry.yarnpkg.com/date-fns/-/date-fns-2.16.1.tgz#05775792c3f3331da812af253e1a935851d3834b"
  integrity sha512-sAJVKx/FqrLYHAQeN7VpJrPhagZc9R4ImZIWYRFZaaohR3KzmuK88touwsSwSVT8Qcbd4zoDsnGfX4GFB4imyQ==

jsonous@^5.2:
  version "5.2.0"
  resolved "https://registry.yarnpkg.com/jsonous/-/jsonous-5.2.0.tgz#206d04ae0ea76001a4c313d6241ce550b7cff22e"
  integrity sha512-GkWqc24vIKdi/4hWaT+3AcLje6DYFug4rOl1MrkLK2xa3qRYV3gGMfX/CVlswiRo2gda1Dkzb2tkni4WeF2PoQ==
  dependencies:
    date-fns "^2.16.1"
    maybeasy "^2.6.0"
    resulty "^3.0.0"
    weakset "^1.0.0"

maybeasy@2.6.0, maybeasy@^2.6.0:
  version "2.6.0"
  resolved "https://registry.yarnpkg.com/maybeasy/-/maybeasy-2.6.0.tgz#3e402c0129967b2aa0be4ed9299bf2ab7b878a40"
  integrity sha512-KJ6//02uxyqrhHjY4hMzTwiJTavPqFuUK8ZM+uUZVGw2zC8GBtuzQM2ichXekk0/Jgco7lL3pbfN70dfMztwLA==

resulty@3.0.0, resulty@^3.0.0, resulty@latest:
  version "3.0.0"
  resolved "https://registry.yarnpkg.com/resulty/-/resulty-3.0.0.tgz#2f852a51f18dd528f43bb7f5ae02a88eaef5bd59"
  integrity sha512-rdAnIuIC8WMfnlqktJfZz+83djxwQwzVlXnlCRb2h0Zxqzazjp+1z9cfDVmiIWBnjhrcERw3PBK7s+YJ83f2aw==

taskarian@3.0.0, taskarian@^3.0.0:
  version "3.0.0"
  resolved "https://registry.yarnpkg.com/taskarian/-/taskarian-3.0.0.tgz#a209c00594b48243229116f526d5f820feb9f3de"
  integrity sha512-BOmlfeNUmsNuCL05gjfROSVAk5i4ZgqEG+1wEJ1/JG/t9yOkTK8WxUKv2qEL7lhNjMqEbyuQ8SqlO8Ky9VMdDg==
  dependencies:
    resulty "^3.0.0"

weakset@^1.0.0:
  version "1.0.0"
  resolved "https://registry.yarnpkg.com/weakset/-/weakset-1.0.0.tgz#7d525ebb93b24d38e6d0a19b0f3e14f099a3b270"
  integrity sha1-fVJeu5OyTTjm0KGbDz4U8JmjsnA=
