{
	"name": "@execonline-inc/resource",
	"version": "1.6.0",
	"lockfileVersion": 1,
	"requires": true,
	"dependencies": {
		"@execonline-inc/decoders": {
			"version": "1.0.2",
			"resolved": "https://registry.npmjs.org/@execonline-inc/decoders/-/decoders-1.0.2.tgz",
			"integrity": "sha512-r6hJkE9IZrLJGhiP8jhnHojDvfax0uqMTCLczcJenkBdtTCM0k9F6fxiSHCQQhyBMdvggzUQZ7zNdXQ+Y84wfQ==",
			"requires": {
				"@execonline-inc/time": "^2.0.1",
				"@types/atob": "^2.1.2",
				"atob": "^2.1.2",
				"jsonous": "^5.0.1",
				"maybeasy": "^2.6.0",
				"resulty": "^3.0.0"
			}
		},
		"@execonline-inc/time": {
			"version": "2.0.1",
			"resolved": "https://registry.npmjs.org/@execonline-inc/time/-/time-2.0.1.tgz",
			"integrity": "sha512-3eu5DPBJ4Yum+tSODU/aRseiKzs133/9hX1XKSZiSmkh0b6dsx6L5T8ojYKNBDJUzUxDwqTexY2Eq10vwOSCVg=="
		},
		"@kofno/piper": {
			"version": "1.2.0",
			"resolved": "https://registry.npmjs.org/@kofno/piper/-/piper-1.2.0.tgz",
			"integrity": "sha512-3XgONyr071OX8+olAzYhF+mYxlSo3X9ySyNEmbXtzhyj1hAM+MPYB+bK4gZhrumSTfzYZt4lv9fUAgz8+P6XBQ=="
		},
		"@types/atob": {
			"version": "2.1.2",
			"resolved": "https://registry.npmjs.org/@types/atob/-/atob-2.1.2.tgz",
			"integrity": "sha512-8GAYQ1jDRUQkSpHzJUqXwAkYFOxuWAOGLhIR4aPd/Y/yL12Q/9m7LsKpHKlfKdNE/362Hc9wPI1Yh6opDfxVJg=="
		},
		"ajaxian": {
			"version": "3.0.1",
			"resolved": "https://registry.npmjs.org/ajaxian/-/ajaxian-3.0.1.tgz",
			"integrity": "sha512-zKn8qqDm335zOG8K0CXU3A0YAS+JGk5JTXO3TPJHA/vE7OU8Y0duJKz81FU9SD06/8GPHURaLlOf6t5/OUq7Sw==",
			"requires": {
				"resulty": "^3.0.0",
				"taskarian": "^2.1.0"
			},
			"dependencies": {
				"resulty": {
					"version": "3.0.0",
					"resolved": "https://registry.npmjs.org/resulty/-/resulty-3.0.0.tgz",
					"integrity": "sha512-rdAnIuIC8WMfnlqktJfZz+83djxwQwzVlXnlCRb2h0Zxqzazjp+1z9cfDVmiIWBnjhrcERw3PBK7s+YJ83f2aw=="
				},
				"taskarian": {
					"version": "2.1.0",
					"resolved": "https://registry.npmjs.org/taskarian/-/taskarian-2.1.0.tgz",
					"integrity": "sha512-OATHkWTfCGIkP295DUxW7sh6U+rJM7yer8O1nNV72FNnFemYhTD5NNsMXB2GIHYKZukYRUfEzV5Enh81XtrSXQ=="
				}
			}
		},
		"atob": {
			"version": "2.1.2",
			"resolved": "https://registry.npmjs.org/atob/-/atob-2.1.2.tgz",
			"integrity": "sha512-Wm6ukoaOGJi/73p/cl2GvLjTI5JM1k/O14isD73YML8StrH/7/lRFgmg8nICZgD3bZZvjwCGxtMOD3wWNAu8cg=="
		},
		"jsonous": {
			"version": "5.0.1",
			"resolved": "https://registry.npmjs.org/jsonous/-/jsonous-5.0.1.tgz",
			"integrity": "sha512-RzZccEoUj1Sg2U84I7T1Jih8HspfAhxUV25FlCyG4lfd9cLPpt7WckLxd3fkoJPQRK0I9r2fM0K9dcQZgc4/ew==",
			"requires": {
				"maybeasy": "^2.6.0",
				"resulty": "^3.0.0",
				"weakset": "^1.0.0"
			}
		},
		"maybeasy": {
			"version": "2.6.0",
			"resolved": "https://registry.npmjs.org/maybeasy/-/maybeasy-2.6.0.tgz",
			"integrity": "sha512-KJ6//02uxyqrhHjY4hMzTwiJTavPqFuUK8ZM+uUZVGw2zC8GBtuzQM2ichXekk0/Jgco7lL3pbfN70dfMztwLA=="
		},
		"resulty": {
			"version": "3.0.0",
			"resolved": "https://registry.npmjs.org/resulty/-/resulty-3.0.0.tgz",
			"integrity": "sha512-rdAnIuIC8WMfnlqktJfZz+83djxwQwzVlXnlCRb2h0Zxqzazjp+1z9cfDVmiIWBnjhrcERw3PBK7s+YJ83f2aw=="
		},
		"taskarian": {
			"version": "2.1.0",
			"resolved": "https://registry.npmjs.org/taskarian/-/taskarian-2.1.0.tgz",
			"integrity": "sha512-OATHkWTfCGIkP295DUxW7sh6U+rJM7yer8O1nNV72FNnFemYhTD5NNsMXB2GIHYKZukYRUfEzV5Enh81XtrSXQ=="
		},
		"weakset": {
			"version": "1.0.0",
			"resolved": "https://registry.npmjs.org/weakset/-/weakset-1.0.0.tgz",
			"integrity": "sha1-fVJeu5OyTTjm0KGbDz4U8JmjsnA="
		}
	}
}
