# THIS IS AN AUTOGENERATED FILE. DO NOT EDIT THIS FILE DIRECTLY.
# yarn lockfile v1


"@babel/runtime@^7.12.0":
  version "7.13.10"
  resolved "https://registry.yarnpkg.com/@babel/runtime/-/runtime-7.13.10.tgz#47d42a57b6095f4468da440388fdbad8bebf0d7d"
  integrity sha512-4QPkjJq6Ns3V/RgpEahRk+AGfL0eO6RHHtTWoNNr5mO49G6B5+X6d6THgWEAvTrznU5xYpbAlVKRYcsCgh/Akw==
  dependencies:
    regenerator-runtime "^0.13.4"

"@kofno/piper@^4.3.0":
  version "4.3.0"
  resolved "https://registry.yarnpkg.com/@kofno/piper/-/piper-4.3.0.tgz#001a8f81ec606df3c5d84edf59bff67042b4ea26"
  integrity sha512-H3hpwwuZGUtPxGkvVQ6tY4Sguvf+/urYJZTeJ373ABY3We+TE0ZtqwjOLe/oqg3RwEjjnBI0xkbgMcu1mBjaLw==

"@prebsch-exo/i18next@19.9.2-patch.1":
  version "19.9.2-patch.1"
  resolved "https://registry.yarnpkg.com/@prebsch-exo/i18next/-/i18next-19.9.2-patch.1.tgz#2969f2e2ef099b92ca52620dfe15ee4449bcde4b"
  integrity sha512-jovnIKWPOQ9rKs9fPjEzDlwvtcY4AR+/FoWCNC5gjtoKSyEFr1isxChEdr3ysiVlVmsuaRLO9TjGWWoN9GA8cQ==
  dependencies:
    "@babel/runtime" "^7.12.0"

"@types/node@^17.0.23":
  version "17.0.23"
  resolved "https://registry.yarnpkg.com/@types/node/-/node-17.0.23.tgz#3b41a6e643589ac6442bdbd7a4a3ded62f33f7da"
  integrity sha512-UxDxWn7dl97rKVeVS61vErvw086aCYhDLyvRQZ5Rk65rZKepaFdm53GeqXaKBuOhED4e9uWq34IC3TdSdJJ2Gw==

"@types/prop-types@*":
  version "15.7.3"
  resolved "https://registry.yarnpkg.com/@types/prop-types/-/prop-types-15.7.3.tgz#2ab0d5da2e5815f94b0b9d4b95d1e5f243ab2ca7"
  integrity sha512-KfRL3PuHmqQLOG+2tGpRO26Ctg+Cq1E01D2DMriKEATHgWLfeNDmq9e29Q9WIky0dQ3NPkd1mzYH8Lm936Z9qw==

"@types/react@>=16":
  version "17.0.14"
  resolved "https://registry.yarnpkg.com/@types/react/-/react-17.0.14.tgz#f0629761ca02945c4e8fea99b8177f4c5c61fb0f"
  integrity sha512-0WwKHUbWuQWOce61UexYuWTGuGY/8JvtUe/dtQ6lR4sZ3UiylHotJeWpf3ArP9+DSGUoLY3wbU59VyMrJps5VQ==
  dependencies:
    "@types/prop-types" "*"
    "@types/scheduler" "*"
    csstype "^3.0.2"

"@types/scheduler@*":
  version "0.16.2"
  resolved "https://registry.yarnpkg.com/@types/scheduler/-/scheduler-0.16.2.tgz#1a62f89525723dde24ba1b01b092bf5df8ad4d39"
  integrity sha512-hppQEBDmlwhFAXKJX2KnWLYu5yMfi91yazPb2l+lbJiwW+wdo1gNeRA+3RgNSO39WYX2euey41KEwnqesU2Jew==

csstype@^3.0.2:
  version "3.0.2"
  resolved "https://registry.yarnpkg.com/csstype/-/csstype-3.0.2.tgz#ee5ff8f208c8cd613b389f7b222c9801ca62b3f7"
  integrity sha512-ofovWglpqoqbfLNOTBNZLSbMuGrblAf1efvvArGKOZMBrIoJeu5UsAipQolkijtyQx5MtAzT/J9IHj/CEY1mJw==

date-fns@^2.16.1:
  version "2.22.1"
  resolved "https://registry.yarnpkg.com/date-fns/-/date-fns-2.22.1.tgz#1e5af959831ebb1d82992bf67b765052d8f0efc4"
  integrity sha512-yUFPQjrxEmIsMqlHhAhmxkuH769baF21Kk+nZwZGyrMoyLA+LugaQtC0+Tqf9CBUUULWwUJt6Q5ySI3LJDDCGg==

dom-serializer@^0.2.1:
  version "0.2.2"
  resolved "https://registry.yarnpkg.com/dom-serializer/-/dom-serializer-0.2.2.tgz#1afb81f533717175d478655debc5e332d9f9bb51"
  integrity sha512-2/xPb3ORsQ42nHYiSunXkDjPLBaEj/xTwUO4B7XCZQTRk7EBtTOPaygh10YAAh2OI1Qrp6NWfpAhzswj0ydt9g==
  dependencies:
    domelementtype "^2.0.1"
    entities "^2.0.0"

domelementtype@^2.0.1:
  version "2.0.1"
  resolved "https://registry.yarnpkg.com/domelementtype/-/domelementtype-2.0.1.tgz#1f8bdfe91f5a78063274e803b4bdcedf6e94f94d"
  integrity sha512-5HOHUDsYZWV8FGWN0Njbr/Rn7f/eWSQi1v7+HsUVwXgn8nWWlL64zKDkS0n8ZmQ3mlWOMuXOnR+7Nx/5tMO5AQ==

domhandler@^3.0.0:
  version "3.0.0"
  resolved "https://registry.yarnpkg.com/domhandler/-/domhandler-3.0.0.tgz#51cd13efca31da95bbb0c5bee3a48300e333b3e9"
  integrity sha512-eKLdI5v9m67kbXQbJSNn1zjh0SDzvzWVWtX+qEI3eMjZw8daH9k8rlj1FZY9memPwjiskQFbe7vHVVJIAqoEhw==
  dependencies:
    domelementtype "^2.0.1"

domutils@^2.0.0:
  version "2.1.0"
  resolved "https://registry.yarnpkg.com/domutils/-/domutils-2.1.0.tgz#7ade3201af43703fde154952e3a868eb4b635f16"
  integrity sha512-CD9M0Dm1iaHfQ1R/TI+z3/JWp/pgub0j4jIQKH89ARR4ATAV2nbaOQS5XxU9maJP5jHaPdDDQSEHuE2UmpUTKg==
  dependencies:
    dom-serializer "^0.2.1"
    domelementtype "^2.0.1"
    domhandler "^3.0.0"

entities@^2.0.0:
  version "2.0.3"
  resolved "https://registry.yarnpkg.com/entities/-/entities-2.0.3.tgz#5c487e5742ab93c15abb5da22759b8590ec03b7f"
  integrity sha512-MyoZ0jgnLvB2X3Lg5HqpFmn1kybDiIfEQmKzTb5apr51Rb+T3KdmMiqa70T+bhGnyv7bQ6WMj2QMHpGMmlrUYQ==

hoist-non-react-statics@^3.0.0:
  version "3.3.2"
  resolved "https://registry.yarnpkg.com/hoist-non-react-statics/-/hoist-non-react-statics-3.3.2.tgz#ece0acaf71d62c2969c2ec59feff42a4b1a85b45"
  integrity sha512-/gGivxi8JPKWNm/W0jSmzcMPpfpPLc3dY/6GxhX2hQ9iGj3aDfklV4ET7NjKpSinLpJ5vafa9iiGIEZg10SfBw==
  dependencies:
    react-is "^16.7.0"

htmlparser2@^4.1.0:
  version "4.1.0"
  resolved "https://registry.yarnpkg.com/htmlparser2/-/htmlparser2-4.1.0.tgz#9a4ef161f2e4625ebf7dfbe6c0a2f52d18a59e78"
  integrity sha512-4zDq1a1zhE4gQso/c5LP1OtrhYTncXNSpvJYtWJBtXAETPlMfi3IFNjGuQbYLuVY4ZR0QMqRVvo4Pdy9KLyP8Q==
  dependencies:
    domelementtype "^2.0.1"
    domhandler "^3.0.0"
    domutils "^2.0.0"
    entities "^2.0.0"

jsonous@^7.0.0:
  version "7.0.0"
  resolved "https://registry.yarnpkg.com/jsonous/-/jsonous-7.0.0.tgz#1f2e5c280e6b8b6323d394afaccd2836d69df5f9"
  integrity sha512-G7sa82OluhBZio6N4mLNEjNy5nOetsfETWWIYBIamobJdTex9EPo58Wl38lw4VSed0Ful+PfVTEEyb39vJorxw==
  dependencies:
    date-fns "^2.16.1"
    maybeasy "^3.0.0"
    resulty "^4.0.0"
    weakset "^1.0.0"

maybeasy@^3.0.0:
  version "3.0.0"
  resolved "https://registry.yarnpkg.com/maybeasy/-/maybeasy-3.0.0.tgz#732c244da190c742de99aa682e6f86a66152bbcc"
  integrity sha512-hMjmt0Kmfp2PdG9knKi6eUdp4513hkDib99EKqMK5tu1mn+t4Hih/pbJ4g5Kf3+f+c6GV6tBinZqtTtcnubm/g==

mobx-react@^5.4.4:
  version "5.4.4"
  resolved "https://registry.yarnpkg.com/mobx-react/-/mobx-react-5.4.4.tgz#b3de9c6eabcd0ed8a40036888cb0221ab9568b80"
  integrity sha512-2mTzpyEjVB/RGk2i6KbcmP4HWcAUFox5ZRCrGvSyz49w20I4C4qql63grPpYrS9E9GKwgydBHQlA4y665LuRCQ==
  dependencies:
    hoist-non-react-statics "^3.0.0"
    react-lifecycles-compat "^3.0.2"

mobx@^4.15.7:
  version "4.15.7"
  resolved "https://registry.yarnpkg.com/mobx/-/mobx-4.15.7.tgz#933281268c3b4658b6cf2526e872cf78ea48ab95"
  integrity sha512-X4uQvuf2zYKHVO5kRT5Utmr+J9fDnRgxWWnSqJ4oiccPTQU38YG+/O3nPmOhUy4jeHexl7XJJpWDBgEnEfp+8w==

nonempty-list@^3.3.0:
  version "3.3.0"
  resolved "https://registry.yarnpkg.com/nonempty-list/-/nonempty-list-3.3.0.tgz#f71c7ee68fc4d245c6f177fc6c5350ddd5259ad4"
  integrity sha512-NcJdHwjXve5svUkPnMJKjU6c7N/UiCNlZdOPSk2zSU6cWbJvqk0BjUn4qOr5ajDZwcP2WRLhk3km6C1Q7ARnAg==
  dependencies:
    maybeasy "^3.0.0"
    resulty "^5.0.0"

react-is@^16.7.0:
  version "16.13.1"
  resolved "https://registry.yarnpkg.com/react-is/-/react-is-16.13.1.tgz#789729a4dc36de2999dc156dd6c1d9c18cea56a4"
  integrity sha512-24e6ynE2H+OKt4kqsOvNd8kBpV65zoxbA4BVsEOB3ARVWQki/DHzaUoC5KuON/BiccDaCCTZBuOcfZs70kR8bQ==

react-lifecycles-compat@^3.0.2:
  version "3.0.4"
  resolved "https://registry.yarnpkg.com/react-lifecycles-compat/-/react-lifecycles-compat-3.0.4.tgz#4f1a273afdfc8f3488a8c516bfda78f872352362"
  integrity sha512-fBASbA6LnOU9dOU2eW7aQ8xmYBSXUIWr+UmF9b1efZBazGNO+rcXT/icdKnYm2pTwcRylVUYwW7H1PHfLekVzA==

regenerator-runtime@^0.13.4:
  version "0.13.7"
  resolved "https://registry.yarnpkg.com/regenerator-runtime/-/regenerator-runtime-0.13.7.tgz#cac2dacc8a1ea675feaabaeb8ae833898ae46f55"
  integrity sha512-a54FxoJDIr27pgf7IgeQGxmqUNYrcV338lf/6gH456HZ/PhX+5BcwHXG9ajESmwe6WRO0tAzRUrRmNONWgkrew==

resulty@^4.0.0:
  version "4.0.0"
  resolved "https://registry.yarnpkg.com/resulty/-/resulty-4.0.0.tgz#fbd6470fde712a88b7c983394c7486da290ea6e2"
  integrity sha512-toajg6lqdp9tmV0ohsTxWiwoaWJd2WiuH7vOx+BJtj1Bs9+XoGa+0Zu8yRNV02gS5DphnrdnRG4Xjr7vl+eP8g==

resulty@^5.0.0:
  version "5.0.0"
  resolved "https://registry.yarnpkg.com/resulty/-/resulty-5.0.0.tgz#962fec061caaade8d600d39d88db370c4f4a9a9a"
  integrity sha512-K4E8JWqVqjCimjfdM/QyQWLs8xwdhJGVsVy2T6hvU9ihTEaEL72/eI/8wtVP7ddM+DKD2dNnNxLwthoX0RZrow==

taskarian@^5.1.0:
  version "5.1.0"
  resolved "https://registry.yarnpkg.com/taskarian/-/taskarian-5.1.0.tgz#e1b77a1b7afe0623d52115ca67fc0a8506f448bf"
  integrity sha512-Z48BNHmZQw13/3tRlavTQAgMqvkUWvhvjburQwhQOolTtYYiVmh99jgwwuiqOowvKr4zYRSMMboWSP8Wt2+LKA==
  dependencies:
    "@kofno/piper" "^4.3.0"
    maybeasy "^3.0.0"

typescript@^4.6.3:
  version "4.6.3"
  resolved "https://registry.yarnpkg.com/typescript/-/typescript-4.6.3.tgz#eefeafa6afdd31d725584c67a0eaba80f6fc6c6c"
  integrity sha512-yNIatDa5iaofVozS/uQJEl3JRWLKKGJKh6Yaiv0GLGSuhpFJe7P3SbHZ8/yjAHRQwKRoA6YZqlfjXWmVzoVSMw==

weakset@^1.0.0:
  version "1.0.0"
  resolved "https://registry.yarnpkg.com/weakset/-/weakset-1.0.0.tgz#7d525ebb93b24d38e6d0a19b0f3e14f099a3b270"
  integrity sha1-fVJeu5OyTTjm0KGbDz4U8JmjsnA=
