{
	"name": "@execonline-inc/environment",
	"version": "0.0.0-development",
	"lockfileVersion": 1,
	"requires": true,
	"dependencies": {
		"@kofno/piper": {
			"version": "1.2.0",
			"resolved": "https://registry.npmjs.org/@kofno/piper/-/piper-1.2.0.tgz",
			"integrity": "sha512-3XgONyr071OX8+olAzYhF+mYxlSo3X9ySyNEmbXtzhyj1hAM+MPYB+bK4gZhrumSTfzYZt4lv9fUAgz8+P6XBQ=="
		},
		"honeybadger-js": {
			"version": "2.0.0",
			"resolved": "https://registry.npmjs.org/honeybadger-js/-/honeybadger-js-2.0.0.tgz",
			"integrity": "sha512-GI2yNQD/2ONZlzUvkRlLSYGvhMZ4nJpWAKyBTS5pNKRYbPOWnb6CZ3JF+N3ArmbBeHmLg5gkhfqGqjypjl55yw=="
		},
		"maybeasy": {
			"version": "2.6.0",
			"resolved": "https://registry.npmjs.org/maybeasy/-/maybeasy-2.6.0.tgz",
			"integrity": "sha512-KJ6//02uxyqrhHjY4hMzTwiJTavPqFuUK8ZM+uUZVGw2zC8GBtuzQM2ichXekk0/Jgco7lL3pbfN70dfMztwLA=="
		},
		"resulty": {
			"version": "3.0.0",
			"resolved": "https://registry.npmjs.org/resulty/-/resulty-3.0.0.tgz",
			"integrity": "sha512-rdAnIuIC8WMfnlqktJfZz+83djxwQwzVlXnlCRb2h0Zxqzazjp+1z9cfDVmiIWBnjhrcERw3PBK7s+YJ83f2aw=="
		},
		"taskarian": {
			"version": "2.1.0",
			"resolved": "https://registry.npmjs.org/taskarian/-/taskarian-2.1.0.tgz",
			"integrity": "sha512-OATHkWTfCGIkP295DUxW7sh6U+rJM7yer8O1nNV72FNnFemYhTD5NNsMXB2GIHYKZukYRUfEzV5Enh81XtrSXQ=="
		}
	}
}
