{
	"name": "@execonline-inc/logging",
	"version": "0.0.0-development",
	"lockfileVersion": 1,
	"requires": true,
	"dependencies": {
		"honeybadger-js": {
			"version": "2.0.0",
			"resolved": "https://registry.npmjs.org/honeybadger-js/-/honeybadger-js-2.0.0.tgz",
			"integrity": "sha512-GI2yNQD/2ONZlzUvkRlLSYGvhMZ4nJpWAKyBTS5pNKRYbPOWnb6CZ3JF+N3ArmbBeHmLg5gkhfqGqjypjl55yw=="
		}
	}
}
