# THIS IS AN AUTOGENERATED FILE. DO NOT EDIT THIS FILE DIRECTLY.
# yarn lockfile v1


"@cspotcode/source-map-support@^0.8.0":
  version "0.8.1"
  resolved "https://registry.yarnpkg.com/@cspotcode/source-map-support/-/source-map-support-0.8.1.tgz#00629c35a688e05a88b1cda684fb9d5e73f000a1"
  integrity sha512-IchNf6dN4tHoMFIn/7OE8LWZ19Y6q/67Bmf6vnGREv8RSbBVb9LPJxEcnwrcwX6ixSvaiGoomAUvu4YSxXrVgw==
  dependencies:
    "@jridgewell/trace-mapping" "0.3.9"

"@execonline-inc/appy@^8.17.1":
  version "8.17.1"
  resolved "https://registry.yarnpkg.com/@execonline-inc/appy/-/appy-8.17.1.tgz#a1ffcf705834c1a7ef6c2f1a26db6337d342d348"
  integrity sha512-eFRHmlpi1Ye8XUHFiOaFEuveZg2EOw6Hlw/TySnThz1bO//419UHiSI8qguhTXM1ia0lzrFO7pQBj1vrMfCNHw==
  dependencies:
    "@execonline-inc/environment" "^5.5.1"
    "@execonline-inc/resource" "^6.17.1"
    "@kofno/piper" "^4.3.0"
    ajaxian "^4.4.0"
    jsonous "^7.3.0"
    maybeasy "^3.0.0"
    resulty "^5.0.0"
    taskarian "^5.1.0"

"@execonline-inc/collections@^10.3.1":
  version "10.3.1"
  resolved "https://registry.yarnpkg.com/@execonline-inc/collections/-/collections-10.3.1.tgz#8992848528670df63fa5a9df748a5c9289cf988b"
  integrity sha512-DgTuJaOqzVQhYuT256F7ucGedYUGtFtIsxG93venzom0ai/IZcqDoB87VhioLcRh77pAMHDV7qMdGyFL3dlk+w==
  dependencies:
    "@execonline-inc/maybe-adapter" "^4.4.1"
    "@kofno/piper" "^4.3.0"
    ajaxian "^4.4.0"
    jsonous "^7.3.0"
    maybeasy "^3.0.0"
    resulty "^5.0.0"
    taskarian "^5.1.0"

"@execonline-inc/decoders@^6.4.1":
  version "6.4.1"
  resolved "https://registry.yarnpkg.com/@execonline-inc/decoders/-/decoders-6.4.1.tgz#8863ffbf583b681657c28617b070ded60168bfe8"
  integrity sha512-gVjXf1x8vDztUBMkLMF9YZ5ERekO4Y3dRiGxBL7rwQEfO/IF0p2RcdeFgS8sUJCqMc5zaJr9BQFEfwDcyAkGtA==
  dependencies:
    "@execonline-inc/time" "^5.1.1"
    js-base64 "^3.7.2"
    jsonous "^7.3.0"
    maybeasy "^3.0.0"
    resulty "^5.0.0"

"@execonline-inc/environment@^5.5.1":
  version "5.5.1"
  resolved "https://registry.yarnpkg.com/@execonline-inc/environment/-/environment-5.5.1.tgz#d00cae78242f4f1d11de6121c16ce50a1f439440"
  integrity sha512-tNR61uXKJmv+z673t8ovLNroFdFpGLzXNVi7vL5sAdZjUB8/QNJSFGpgxHx4QABEP6UW576aAwGfKcDLm41QYQ==
  dependencies:
    "@kofno/piper" "^4.3.0"
    ajaxian "^4.4.0"
    jsonous "^7.3.0"
    maybeasy "^3.0.0"
    resulty "^5.0.0"
    taskarian "^5.1.0"

"@execonline-inc/error-handling@^1.0.1":
  version "1.0.1"
  resolved "https://registry.yarnpkg.com/@execonline-inc/error-handling/-/error-handling-1.0.1.tgz#f8418046533a8e67766b90a91fe433c7b41da20e"
  integrity sha512-zleLS0iCOzR+jKBoc2EAqzrTjmZtMGXlKM4JvI0SF1ypzL3pbDJm3tVdO1g+dVwARRZJPOQPe0mvPy1q59zNbA==
  dependencies:
    "@kofno/piper" "^4.3.0"
    maybeasy "^3.0.0"
    resulty "^5.0.0"
    taskarian "^5.1.0"

"@execonline-inc/logging@^6.2.1":
  version "6.2.1"
  resolved "https://registry.yarnpkg.com/@execonline-inc/logging/-/logging-6.2.1.tgz#fe771804e3ecb93244c6248d8192d99f68133537"
  integrity sha512-PNCwtzqQuT0nm4C086e7hiYh8RSc/XecNWqubJeCxzvBYUwrE5/C8W19Tk8iJ0VelswQWmnVu3FD7atfuQfIHg==
  dependencies:
    "@execonline-inc/environment" "^5.5.1"
    date-fns "^2.28.0"

"@execonline-inc/maybe-adapter@^4.4.1":
  version "4.4.1"
  resolved "https://registry.yarnpkg.com/@execonline-inc/maybe-adapter/-/maybe-adapter-4.4.1.tgz#24aa466cdabc6aff14a8a8b910a068e2bf07d06c"
  integrity sha512-C1oT1JujGWV1mkgEE0nDEG3qbcByEXc/2IoyuiBwX7kT71Y2x3F9b1xL0H4EkadyKcT5qDOCxdzo4bzkejhP/g==
  dependencies:
    "@kofno/piper" "^4.3.0"
    ajaxian "^4.4.0"
    jsonous "^7.3.0"
    maybeasy "^3.0.0"
    resulty "^5.0.0"
    taskarian "^5.1.0"

"@execonline-inc/resource@^6.17.1":
  version "6.17.1"
  resolved "https://registry.yarnpkg.com/@execonline-inc/resource/-/resource-6.17.1.tgz#52c2a97aee03617d3af89903fa302fc4b11b15f0"
  integrity sha512-LBuMR9Ft0fHFVwiD06KAwmTtZ0bpQaegQOuM9m53xhwoyfcMv4nM9LSdg+7Qr5nBKVD4Tf4SrQEMcvyErxlEiQ==
  dependencies:
    "@execonline-inc/collections" "^10.3.1"
    "@execonline-inc/decoders" "^6.4.1"
    "@execonline-inc/environment" "^5.5.1"
    "@execonline-inc/maybe-adapter" "^4.4.1"
    "@kofno/piper" "^4.3.0"
    ajaxian "^4.4.0"
    jsonous "^7.3.0"
    maybeasy "^3.0.0"
    resulty "^5.0.0"
    taskarian "^5.1.0"

"@execonline-inc/time@^5.1.1":
  version "5.1.1"
  resolved "https://registry.yarnpkg.com/@execonline-inc/time/-/time-5.1.1.tgz#3e26ec153f726b0a1fd75eaa92e8a2202aaffbff"
  integrity sha512-onhZbiroQTisYAboVzL3BMCJw4jNFqNSAai3ewGLOCvQ6UyTRQwQz7JLFkb6akIcQ1ig83fCIkRL2WABMzunhw==
  dependencies:
    resulty "^5.0.0"

"@jridgewell/resolve-uri@^3.0.3":
  version "3.1.0"
  resolved "https://registry.yarnpkg.com/@jridgewell/resolve-uri/-/resolve-uri-3.1.0.tgz#2203b118c157721addfe69d47b70465463066d78"
  integrity sha512-F2msla3tad+Mfht5cJq7LSXcdudKTWCVYUgw6pLFOOHSTtZlj6SWNYAp+AhuqLmWdBO2X5hPrLcu8cVP8fy28w==

"@jridgewell/sourcemap-codec@^1.4.10":
  version "1.4.14"
  resolved "https://registry.yarnpkg.com/@jridgewell/sourcemap-codec/-/sourcemap-codec-1.4.14.tgz#add4c98d341472a289190b424efbdb096991bb24"
  integrity sha512-XPSJHWmi394fuUuzDnGz1wiKqWfo1yXecHQMRf2l6hztTO+nPru658AyDngaBe7isIxEkRsPR3FZh+s7iVa4Uw==

"@jridgewell/trace-mapping@0.3.9":
  version "0.3.9"
  resolved "https://registry.yarnpkg.com/@jridgewell/trace-mapping/-/trace-mapping-0.3.9.tgz#6534fd5933a53ba7cbf3a17615e273a0d1273ff9"
  integrity sha512-3Belt6tdc8bPgAtbcmdtNJlirVoTmEb5e2gC94PnkwEW9jI6CAHUeoG85tjWP5WquqfavoMtMwiG4P926ZKKuQ==
  dependencies:
    "@jridgewell/resolve-uri" "^3.0.3"
    "@jridgewell/sourcemap-codec" "^1.4.10"

"@kofno/piper@^4.3.0":
  version "4.3.0"
  resolved "https://registry.yarnpkg.com/@kofno/piper/-/piper-4.3.0.tgz#001a8f81ec606df3c5d84edf59bff67042b4ea26"
  integrity sha512-H3hpwwuZGUtPxGkvVQ6tY4Sguvf+/urYJZTeJ373ABY3We+TE0ZtqwjOLe/oqg3RwEjjnBI0xkbgMcu1mBjaLw==

"@tsconfig/node10@^1.0.7":
  version "1.0.9"
  resolved "https://registry.yarnpkg.com/@tsconfig/node10/-/node10-1.0.9.tgz#df4907fc07a886922637b15e02d4cebc4c0021b2"
  integrity sha512-jNsYVVxU8v5g43Erja32laIDHXeoNvFEpX33OK4d6hljo3jDhCBDhx5dhCCTMWUojscpAagGiRkBKxpdl9fxqA==

"@tsconfig/node12@^1.0.7":
  version "1.0.11"
  resolved "https://registry.yarnpkg.com/@tsconfig/node12/-/node12-1.0.11.tgz#ee3def1f27d9ed66dac6e46a295cffb0152e058d"
  integrity sha512-cqefuRsh12pWyGsIoBKJA9luFu3mRxCA+ORZvA4ktLSzIuCUtWVxGIuXigEwO5/ywWFMZ2QEGKWvkZG1zDMTag==

"@tsconfig/node14@^1.0.0":
  version "1.0.3"
  resolved "https://registry.yarnpkg.com/@tsconfig/node14/-/node14-1.0.3.tgz#e4386316284f00b98435bf40f72f75a09dabf6c1"
  integrity sha512-ysT8mhdixWK6Hw3i1V2AeRqZ5WfXg1G43mqoYlM2nc6388Fq5jcXyr5mRsqViLx/GJYdoL0bfXD8nmF+Zn/Iow==

"@tsconfig/node16@^1.0.2":
  version "1.0.3"
  resolved "https://registry.yarnpkg.com/@tsconfig/node16/-/node16-1.0.3.tgz#472eaab5f15c1ffdd7f8628bd4c4f753995ec79e"
  integrity sha512-yOlFc+7UtL/89t2ZhjPvvB/DeAr3r+Dq58IgzsFkOAvVC6NMJXmCGjbptdXdR9qsX7pKcTL+s87FtYREi2dEEQ==

"@types/node@^18.8.1":
  version "18.8.1"
  resolved "https://registry.yarnpkg.com/@types/node/-/node-18.8.1.tgz#33e6759935f7a82821b72fb936e66f6b99a36173"
  integrity sha512-vuYaNuEIbOYLTLUAJh50ezEbvxrD43iby+lpUA2aa148Nh5kX/AVO/9m1Ahmbux2iU5uxJTNF9g2Y+31uml7RQ==

acorn-walk@^8.1.1:
  version "8.2.0"
  resolved "https://registry.yarnpkg.com/acorn-walk/-/acorn-walk-8.2.0.tgz#741210f2e2426454508853a2f44d0ab83b7f69c1"
  integrity sha512-k+iyHEuPgSw6SbuDpGQM+06HQUa04DZ3o+F6CSzXMvvI5KMvnaEqXe+YVe555R9nn6GPt404fos4wcgpw12SDA==

acorn@^8.4.1:
  version "8.8.0"
  resolved "https://registry.yarnpkg.com/acorn/-/acorn-8.8.0.tgz#88c0187620435c7f6015803f5539dae05a9dbea8"
  integrity sha512-QOxyigPVrpZ2GXT+PFyZTl6TtOFc5egxHIP9IlQ+RbupQuX4RkT/Bee4/kQuC02Xkzg84JcT7oLYtDIQxp+v7w==

ajaxian@^4.4.0:
  version "4.4.0"
  resolved "https://registry.yarnpkg.com/ajaxian/-/ajaxian-4.4.0.tgz#a87344952a91c2ad78467c9907b2436bb6849a23"
  integrity sha512-TConPoRcSVMcH49LBNVqZxHeZmMENWDxyLVQOdQ2p/Bvs0YzI7EILGIrb370kPyMzyf8qR23vW5bwYLgN6BFLw==
  dependencies:
    resulty "^5.0.0"
    taskarian "^5.1.0"

ajaxios@^2.7.0:
  version "2.7.0"
  resolved "https://registry.yarnpkg.com/ajaxios/-/ajaxios-2.7.0.tgz#e69a1c2524b525840c24cb50ced1fde8a6c0a16a"
  integrity sha512-r818rtfCBfid5xg+y0c6G5hpqMD6LxTjPtuHeMGrZ/Pc+7VFs7DrdguyQdHgybwrCmkcawoqMRRKnN+WzTWd4Q==

arg@^4.1.0:
  version "4.1.3"
  resolved "https://registry.yarnpkg.com/arg/-/arg-4.1.3.tgz#269fc7ad5b8e42cb63c896d5666017261c144089"
  integrity sha512-58S9QDqG0Xx27YwPSt9fJxivjYl432YCwfDMfZ+71RAqUrZef7LrKQZ3LHLOwCS4FLNBplP533Zx895SeOCHvA==

axios@^0.25.0:
  version "0.25.0"
  resolved "https://registry.yarnpkg.com/axios/-/axios-0.25.0.tgz#349cfbb31331a9b4453190791760a8d35b093e0a"
  integrity sha512-cD8FOb0tRH3uuEe6+evtAbgJtfxr7ly3fQjYcMcuPlgkwVS9xboaVIpcDV+cYQe+yGykgwZCs1pzjntcGa6l5g==
  dependencies:
    follow-redirects "^1.14.7"

create-require@^1.1.0:
  version "1.1.1"
  resolved "https://registry.yarnpkg.com/create-require/-/create-require-1.1.1.tgz#c1d7e8f1e5f6cfc9ff65f9cd352d37348756c333"
  integrity sha512-dcKFX3jn0MpIaXjisoRvexIJVEKzaq7z2rZKxf+MSr9TkdmHmsU4m2lcLojrj/FHl8mk5VxMmYA+ftRkP/3oKQ==

date-fns@^2.16.1, date-fns@^2.28.0:
  version "2.29.3"
  resolved "https://registry.yarnpkg.com/date-fns/-/date-fns-2.29.3.tgz#27402d2fc67eb442b511b70bbdf98e6411cd68a8"
  integrity sha512-dDCnyH2WnnKusqvZZ6+jA1O51Ibt8ZMRNkDZdyAyK4YfbDwa/cEmuztzG5pk6hqlp9aSBPYcjOlktquahGwGeA==

diff@^4.0.1:
  version "4.0.2"
  resolved "https://registry.yarnpkg.com/diff/-/diff-4.0.2.tgz#60f3aecb89d5fae520c11aa19efc2bb982aade7d"
  integrity sha512-58lmxKSA4BNyLz+HHMUzlOEpg09FV+ev6ZMe3vJihgdxzgcwZ8VoEEPmALCZG9LmqfVoNMMKpttIYTVG6uDY7A==

follow-redirects@^1.14.7:
  version "1.15.2"
  resolved "https://registry.yarnpkg.com/follow-redirects/-/follow-redirects-1.15.2.tgz#b460864144ba63f2681096f274c4e57026da2c13"
  integrity sha512-VQLG33o04KaQ8uYi2tVNbdrWp1QWxNNea+nmIB4EVM28v0hmP17z7aG1+wAkNzVq4KeXTq3221ye5qTJP91JwA==

js-base64@^3.7.2:
  version "3.7.2"
  resolved "https://registry.yarnpkg.com/js-base64/-/js-base64-3.7.2.tgz#816d11d81a8aff241603d19ce5761e13e41d7745"
  integrity sha512-NnRs6dsyqUXejqk/yv2aiXlAvOs56sLkX6nUdeaNezI5LFFLlsZjOThmwnrcwh5ZZRwZlCMnVAY3CvhIhoVEKQ==

jsonous@^7.3.0, jsonous@^7.4.0:
  version "7.4.0"
  resolved "https://registry.yarnpkg.com/jsonous/-/jsonous-7.4.0.tgz#ddbea718e62e9fa9b20807e6e7f2f354d2e342c3"
  integrity sha512-GcUlXq/bfligx/6PYKyM1LWkyrxCg8K6fgnGecL3yqRhWWEk2WY4fj0+ZBkdIDdB5mydWi0F+ZfVwWjzACb39A==
  dependencies:
    date-fns "^2.16.1"
    maybeasy "^3.0.0"
    resulty "^5.0.0"
    weakset "^1.0.0"

make-error@^1.1.1:
  version "1.3.6"
  resolved "https://registry.yarnpkg.com/make-error/-/make-error-1.3.6.tgz#2eb2e37ea9b67c4891f684a1394799af484cf7a2"
  integrity sha512-s8UhlNe7vPKomQhC1qFelMokr/Sc3AgNbso3n74mVPA5LTZwkB9NlXf4XPamLxJE8h0gh73rM94xvwRT2CVInw==

maybeasy@^3.0.0:
  version "3.0.0"
  resolved "https://registry.yarnpkg.com/maybeasy/-/maybeasy-3.0.0.tgz#732c244da190c742de99aa682e6f86a66152bbcc"
  integrity sha512-hMjmt0Kmfp2PdG9knKi6eUdp4513hkDib99EKqMK5tu1mn+t4Hih/pbJ4g5Kf3+f+c6GV6tBinZqtTtcnubm/g==

prettier@^2.7.1:
  version "2.7.1"
  resolved "https://registry.yarnpkg.com/prettier/-/prettier-2.7.1.tgz#e235806850d057f97bb08368a4f7d899f7760c64"
  integrity sha512-ujppO+MkdPqoVINuDFDRLClm7D78qbDt0/NR+wp5FqEZOoTNAjPHWj17QRhu7geIHJfcNhRk1XVQmF8Bp3ye+g==

resulty@^5.0.0:
  version "5.0.0"
  resolved "https://registry.yarnpkg.com/resulty/-/resulty-5.0.0.tgz#962fec061caaade8d600d39d88db370c4f4a9a9a"
  integrity sha512-K4E8JWqVqjCimjfdM/QyQWLs8xwdhJGVsVy2T6hvU9ihTEaEL72/eI/8wtVP7ddM+DKD2dNnNxLwthoX0RZrow==

taskarian@^5.1.0:
  version "5.1.0"
  resolved "https://registry.yarnpkg.com/taskarian/-/taskarian-5.1.0.tgz#e1b77a1b7afe0623d52115ca67fc0a8506f448bf"
  integrity sha512-Z48BNHmZQw13/3tRlavTQAgMqvkUWvhvjburQwhQOolTtYYiVmh99jgwwuiqOowvKr4zYRSMMboWSP8Wt2+LKA==
  dependencies:
    "@kofno/piper" "^4.3.0"
    maybeasy "^3.0.0"

ts-node@^10.7.0:
  version "10.9.1"
  resolved "https://registry.yarnpkg.com/ts-node/-/ts-node-10.9.1.tgz#e73de9102958af9e1f0b168a6ff320e25adcff4b"
  integrity sha512-NtVysVPkxxrwFGUUxGYhfux8k78pQB3JqYBXlLRZgdGUqTO5wU/UyHop5p70iEbGhB7q5KmiZiU0Y3KlJrScEw==
  dependencies:
    "@cspotcode/source-map-support" "^0.8.0"
    "@tsconfig/node10" "^1.0.7"
    "@tsconfig/node12" "^1.0.7"
    "@tsconfig/node14" "^1.0.0"
    "@tsconfig/node16" "^1.0.2"
    acorn "^8.4.1"
    acorn-walk "^8.1.1"
    arg "^4.1.0"
    create-require "^1.1.0"
    diff "^4.0.1"
    make-error "^1.1.1"
    v8-compile-cache-lib "^3.0.1"
    yn "3.1.1"

typescript@^4.8.3:
  version "4.8.4"
  resolved "https://registry.yarnpkg.com/typescript/-/typescript-4.8.4.tgz#c464abca159669597be5f96b8943500b238e60e6"
  integrity sha512-QCh+85mCy+h0IGff8r5XWzOVSbBO+KfeYrMQh7NJ58QujwcE22u+NUSmUxqF+un70P9GXKxa2HCNiTTMJknyjQ==

v8-compile-cache-lib@^3.0.1:
  version "3.0.1"
  resolved "https://registry.yarnpkg.com/v8-compile-cache-lib/-/v8-compile-cache-lib-3.0.1.tgz#6336e8d71965cb3d35a1bbb7868445a7c05264bf"
  integrity sha512-wa7YjyUGfNZngI/vtK0UHAN+lgDCxBPCylVXGp0zu59Fz5aiGtNXaq3DhIov063MorB+VfufLh3JlF2KdTK3xg==

weakset@^1.0.0:
  version "1.0.0"
  resolved "https://registry.yarnpkg.com/weakset/-/weakset-1.0.0.tgz#7d525ebb93b24d38e6d0a19b0f3e14f099a3b270"
  integrity sha512-7OciuGPBNuxYyFuj7gAKahwlXM014hZY57qrrR4fOey6NdXjM6HZKZfM+ANO91dHUGeH89EfR3RsTqN3x7/+Qw==

yn@3.1.1:
  version "3.1.1"
  resolved "https://registry.yarnpkg.com/yn/-/yn-3.1.1.tgz#1e87401a09d767c1d5eab26a6e4c185182d2eb50"
  integrity sha512-Ux4ygGWsu2c7isFWe8Yu1YluJmqVhxqK2cLXNQA5AcC3QfbGNpM7fu0Y8b/z16pXLnFxZYvWhd3fhBY9DLmC6Q==
